
Microsoft Visual Studio Solution File, Format Version 12.00
# Visual Studio Version 17
VisualStudioVersion = 17.8.34309.116
MinimumVisualStudioVersion = 10.0.40219.1
Project("{FAE04EC0-301F-11D3-BF4B-00C04F79EFBC}") = "LINQ", "LINQ.csproj", "{FE00255F-D2A9-43B7-90D7-A99A92687429}"
EndProject
Global
	GlobalSection(SolutionConfigurationPlatforms) = preSolution
		Debug|Any CPU = Debug|Any CPU
		Release|Any CPU = Release|Any CPU
	EndGlobalSection
	GlobalSection(ProjectConfigurationPlatforms) = postSolution
		{FE00255F-D2A9-43B7-90D7-A99A92687429}.Debug|Any CPU.ActiveCfg = Debug|Any CPU
		{FE00255F-D2A9-43B7-90D7-A99A92687429}.Debug|Any CPU.Build.0 = Debug|Any CPU
		{FE00255F-D2A9-43B7-90D7-A99A92687429}.Release|Any CPU.ActiveCfg = Release|Any CPU
		{FE00255F-D2A9-43B7-90D7-A99A92687429}.Release|Any CPU.Build.0 = Release|Any CPU
	EndGlobalSection
	GlobalSection(SolutionProperties) = preSolution
		HideSolutionNode = FALSE
	EndGlobalSection
	GlobalSection(ExtensibilityGlobals) = postSolution
		SolutionGuid = {3C343DF8-8A9E-42B5-99D0-2AE047C2F0E8}
	EndGlobalSection
EndGlobal
